
Microsoft Visual Studio Solution File, Format Version 12.00
# Visual Studio Version 17
VisualStudioVersion = 17.5.002.0
MinimumVisualStudioVersion = 10.0.40219.1
Project("{9A19103F-16F7-4668-BE54-9A1E7A4F7556}") = "FirstApp", "FirstApp\FirstApp.csproj", "{0EC82C7A-98DB-437E-BA69-9F34F847E816}"
EndProject
Project("{9A19103F-16F7-4668-BE54-9A1E7A4F7556}") = "ExperimentWithControls", "ExperimentWithControls\ExperimentWithControls.csproj", "{6EAE1CCB-EF0C-4A20-9871-A11749E21B27}"
EndProject
Global
	GlobalSection(SolutionConfigurationPlatforms) = preSolution
		Debug|Any CPU = Debug|Any CPU
		Release|Any CPU = Release|Any CPU
	EndGlobalSection
	GlobalSection(ProjectConfigurationPlatforms) = postSolution
		{0EC82C7A-98DB-437E-BA69-9F34F847E816}.Debug|Any CPU.ActiveCfg = Debug|Any CPU
		{0EC82C7A-98DB-437E-BA69-9F34F847E816}.Debug|Any CPU.Build.0 = Debug|Any CPU
		{0EC82C7A-98DB-437E-BA69-9F34F847E816}.Release|Any CPU.ActiveCfg = Release|Any CPU
		{0EC82C7A-98DB-437E-BA69-9F34F847E816}.Release|Any CPU.Build.0 = Release|Any CPU
		{6EAE1CCB-EF0C-4A20-9871-A11749E21B27}.Debug|Any CPU.ActiveCfg = Debug|Any CPU
		{6EAE1CCB-EF0C-4A20-9871-A11749E21B27}.Debug|Any CPU.Build.0 = Debug|Any CPU
		{6EAE1CCB-EF0C-4A20-9871-A11749E21B27}.Release|Any CPU.ActiveCfg = Release|Any CPU
		{6EAE1CCB-EF0C-4A20-9871-A11749E21B27}.Release|Any CPU.Build.0 = Release|Any CPU
	EndGlobalSection
	GlobalSection(SolutionProperties) = preSolution
		HideSolutionNode = FALSE
	EndGlobalSection
	GlobalSection(ExtensibilityGlobals) = postSolution
		SolutionGuid = {DC879009-C2CF-4AFB-BC07-088E303B17FC}
	EndGlobalSection
EndGlobal
